// !$*UTF8*$!
{
	archiveVersion = 1;
	classes = {
	};
	objectVersion = 50;
	objects = {

/* Begin PBXBuildFile section */
		9D372ECD20E305320059BC3E /* FSHDispatcherTests.swift in Sources */ = {isa = PBXBuildFile; fileRef = 9D372ECC20E305320059BC3E /* FSHDispatcherTests.swift */; };
		9D372ED120E3293A0059BC3E /* MarvelAPI.swift in Sources */ = {isa = PBXBuildFile; fileRef = 9D372ED020E3293A0059BC3E /* MarvelAPI.swift */; };
		9D3AFBB020E752CB000DD344 /* KOMTXTBI.ttf in Resources */ = {isa = PBXBuildFile; fileRef = 9D3AFBAC20E752C9000DD344 /* KOMTXTBI.ttf */; };
		9D3AFBB120E752CB000DD344 /* KOMTXTB_.ttf in Resources */ = {isa = PBXBuildFile; fileRef = 9D3AFBAD20E752CA000DD344 /* KOMTXTB_.ttf */; };
		9D3AFBB220E752CB000DD344 /* KOMTXT__.ttf in Resources */ = {isa = PBXBuildFile; fileRef = 9D3AFBAE20E752CA000DD344 /* KOMTXT__.ttf */; };
		9D3AFBB320E752CB000DD344 /* KOMTXTI_.ttf in Resources */ = {isa = PBXBuildFile; fileRef = 9D3AFBAF20E752CB000DD344 /* KOMTXTI_.ttf */; };
		9D40EE5420E59F9E0048B60C /* DetailsTransitionAnimator.swift in Sources */ = {isa = PBXBuildFile; fileRef = 9D40EE5320E59F9E0048B60C /* DetailsTransitionAnimator.swift */; };
		9D52292920E2C2440091A227 /* AppDelegate.swift in Sources */ = {isa = PBXBuildFile; fileRef = 9D52292820E2C2440091A227 /* AppDelegate.swift */; };
		9D52292B20E2C2440091A227 /* HeroesViewController.swift in Sources */ = {isa = PBXBuildFile; fileRef = 9D52292A20E2C2440091A227 /* HeroesViewController.swift */; };
		9D52292D20E2C2440091A227 /* FavoritesViewController.swift in Sources */ = {isa = PBXBuildFile; fileRef = 9D52292C20E2C2440091A227 /* FavoritesViewController.swift */; };
		9D52293020E2C2440091A227 /* Main.storyboard in Resources */ = {isa = PBXBuildFile; fileRef = 9D52292E20E2C2440091A227 /* Main.storyboard */; };
		9D52293220E2C2460091A227 /* Assets.xcassets in Resources */ = {isa = PBXBuildFile; fileRef = 9D52293120E2C2460091A227 /* Assets.xcassets */; };
		9D52293520E2C2460091A227 /* LaunchScreen.storyboard in Resources */ = {isa = PBXBuildFile; fileRef = 9D52293320E2C2460091A227 /* LaunchScreen.storyboard */; };
		9D52294020E2C2470091A227 /* FarfetchSuperHeroesTests.swift in Sources */ = {isa = PBXBuildFile; fileRef = 9D52293F20E2C2470091A227 /* FarfetchSuperHeroesTests.swift */; };
		9D52294C20E2C43C0091A227 /* FSHConstants.swift in Sources */ = {isa = PBXBuildFile; fileRef = 9D52294B20E2C43C0091A227 /* FSHConstants.swift */; };
		9D52294E20E2C5480091A227 /* FSHRequest.swift in Sources */ = {isa = PBXBuildFile; fileRef = 9D52294D20E2C5480091A227 /* FSHRequest.swift */; };
		9D52295120E2E2790091A227 /* FSHDispatcher.swift in Sources */ = {isa = PBXBuildFile; fileRef = 9D52295020E2E2790091A227 /* FSHDispatcher.swift */; };
		9D67F8D520E9479200C70F43 /* FavoriteObject.swift in Sources */ = {isa = PBXBuildFile; fileRef = 9D67F8D420E9479200C70F43 /* FavoriteObject.swift */; };
		9D67F90920E954F400C70F43 /* favorites.plist in Resources */ = {isa = PBXBuildFile; fileRef = 9D67F90820E954F400C70F43 /* favorites.plist */; };
		9D67F90B20E95E2200C70F43 /* FSHFavoriteTests.swift in Sources */ = {isa = PBXBuildFile; fileRef = 9D67F90A20E95E2200C70F43 /* FSHFavoriteTests.swift */; };
		9D67F90D20E95EF100C70F43 /* testFavorites.plist in Resources */ = {isa = PBXBuildFile; fileRef = 9D67F90C20E95EF100C70F43 /* testFavorites.plist */; };
		9D67F90F20E97E0500C70F43 /* characterMock02.json in Resources */ = {isa = PBXBuildFile; fileRef = 9D67F90E20E97E0500C70F43 /* characterMock02.json */; };
		9D73883620E33631009DB81F /* MD5.swift in Sources */ = {isa = PBXBuildFile; fileRef = 9D73883520E33631009DB81F /* MD5.swift */; };
		9D73883920E3BC07009DB81F /* MarvelObject.swift in Sources */ = {isa = PBXBuildFile; fileRef = 9D73883820E3BC07009DB81F /* MarvelObject.swift */; };
		9D7BF8FE20E3CA370034FC9F /* FSHJSONDecoder.swift in Sources */ = {isa = PBXBuildFile; fileRef = 9D7BF8FD20E3CA370034FC9F /* FSHJSONDecoder.swift */; };
		9D7BF90020E3CF1A0034FC9F /* MarvelCharacter.swift in Sources */ = {isa = PBXBuildFile; fileRef = 9D7BF8FF20E3CF1A0034FC9F /* MarvelCharacter.swift */; };
		9D7BF90220E3CF610034FC9F /* MarvelThumbnail.swift in Sources */ = {isa = PBXBuildFile; fileRef = 9D7BF90120E3CF610034FC9F /* MarvelThumbnail.swift */; };
		9D7BF90420E3CF7F0034FC9F /* MarvelLists.swift in Sources */ = {isa = PBXBuildFile; fileRef = 9D7BF90320E3CF7F0034FC9F /* MarvelLists.swift */; };
		9D7BF90620E3CFB60034FC9F /* MarvelTypedURL.swift in Sources */ = {isa = PBXBuildFile; fileRef = 9D7BF90520E3CFB60034FC9F /* MarvelTypedURL.swift */; };
		9D7BF90820E3D1490034FC9F /* FSHStub.swift in Sources */ = {isa = PBXBuildFile; fileRef = 9D7BF90720E3D1490034FC9F /* FSHStub.swift */; };
		9D7BF90C20E3DD9D0034FC9F /* characterMock01.json in Resources */ = {isa = PBXBuildFile; fileRef = 9D7BF90B20E3DD9D0034FC9F /* characterMock01.json */; };
		9D87B91A20E4522200194A4F /* HeroMainCell.xib in Resources */ = {isa = PBXBuildFile; fileRef = 9D87B91920E4522200194A4F /* HeroMainCell.xib */; };
		9D87B91C20E4559B00194A4F /* HeroMainCell.swift in Sources */ = {isa = PBXBuildFile; fileRef = 9D87B91B20E4559B00194A4F /* HeroMainCell.swift */; };
		9D8AE23520E3F73000258704 /* UIImageDownloader.swift in Sources */ = {isa = PBXBuildFile; fileRef = 9D8AE23420E3F73000258704 /* UIImageDownloader.swift */; };
		9D8AE23A20E4036600258704 /* FSHLoading.swift in Sources */ = {isa = PBXBuildFile; fileRef = 9D8AE23920E4036600258704 /* FSHLoading.swift */; };
		9D8AE23C20E4043800258704 /* FSHLoadingView.xib in Resources */ = {isa = PBXBuildFile; fileRef = 9D8AE23B20E4043800258704 /* FSHLoadingView.xib */; };
		9D97473020E6C29E000A47E4 /* PaginationCell.swift in Sources */ = {isa = PBXBuildFile; fileRef = 9D97472F20E6C29E000A47E4 /* PaginationCell.swift */; };
		9D97473220E6C2D4000A47E4 /* PaginationCell.xib in Resources */ = {isa = PBXBuildFile; fileRef = 9D97473120E6C2D4000A47E4 /* PaginationCell.xib */; };
		9DC08DA620E5605F005A5BA3 /* DetailsStack.xib in Resources */ = {isa = PBXBuildFile; fileRef = 9DC08DA520E5605F005A5BA3 /* DetailsStack.xib */; };
		9DE99BA920E460040017D659 /* ComicLabel.swift in Sources */ = {isa = PBXBuildFile; fileRef = 9DE99BA820E460040017D659 /* ComicLabel.swift */; };
		9DE99BB020E466860017D659 /* KOMTXTK_.ttf in Resources */ = {isa = PBXBuildFile; fileRef = 9DE99BAC20E466850017D659 /* KOMTXTK_.ttf */; };
		9DE99BB120E466860017D659 /* KOMTXTKB.ttf in Resources */ = {isa = PBXBuildFile; fileRef = 9DE99BAD20E466850017D659 /* KOMTXTKB.ttf */; };
		9DE99BB220E466860017D659 /* KOMTXTKI.ttf in Resources */ = {isa = PBXBuildFile; fileRef = 9DE99BAE20E466860017D659 /* KOMTXTKI.ttf */; };
		9DE99BB320E466860017D659 /* KOMTXKBI.ttf in Resources */ = {isa = PBXBuildFile; fileRef = 9DE99BAF20E466860017D659 /* KOMTXKBI.ttf */; };
		9DE99BB520E470990017D659 /* HeroDetailsViewController.swift in Sources */ = {isa = PBXBuildFile; fileRef = 9DE99BB420E470990017D659 /* HeroDetailsViewController.swift */; };
		9DE99BB820E523EB0017D659 /* DetailView.xib in Resources */ = {isa = PBXBuildFile; fileRef = 9DE99BB720E523EB0017D659 /* DetailView.xib */; };
		9DE99BBA20E523FA0017D659 /* DetailsStack.swift in Sources */ = {isa = PBXBuildFile; fileRef = 9DE99BB920E523FA0017D659 /* DetailsStack.swift */; };
		9DE99BBC20E5265F0017D659 /* comicsMock.json in Resources */ = {isa = PBXBuildFile; fileRef = 9DE99BBB20E5265F0017D659 /* comicsMock.json */; };
		9DE99BBE20E52D120017D659 /* MarvelComic.swift in Sources */ = {isa = PBXBuildFile; fileRef = 9DE99BBD20E52D120017D659 /* MarvelComic.swift */; };
		9DE99BC020E5439C0017D659 /* MarvelEvent.swift in Sources */ = {isa = PBXBuildFile; fileRef = 9DE99BBF20E5439C0017D659 /* MarvelEvent.swift */; };
		9DE99BC220E543B50017D659 /* MarvelSerie.swift in Sources */ = {isa = PBXBuildFile; fileRef = 9DE99BC120E543B50017D659 /* MarvelSerie.swift */; };
		9DE99BC420E543D30017D659 /* MarvelStory.swift in Sources */ = {isa = PBXBuildFile; fileRef = 9DE99BC320E543D30017D659 /* MarvelStory.swift */; };
		9DE99BC620E545120017D659 /* seriesMock.json in Resources */ = {isa = PBXBuildFile; fileRef = 9DE99BC520E545120017D659 /* seriesMock.json */; };
		9DE99BCA20E5459F0017D659 /* eventsMock.json in Resources */ = {isa = PBXBuildFile; fileRef = 9DE99BC920E5459F0017D659 /* eventsMock.json */; };
		9DE99BCC20E545E00017D659 /* storiesMock.json in Resources */ = {isa = PBXBuildFile; fileRef = 9DE99BCB20E545E00017D659 /* storiesMock.json */; };
		9DE99BCE20E551FC0017D659 /* LoadingIndicatorView.xib in Resources */ = {isa = PBXBuildFile; fileRef = 9DE99BCD20E551FB0017D659 /* LoadingIndicatorView.xib */; };
/* End PBXBuildFile section */

/* Begin PBXContainerItemProxy section */
		9D52293C20E2C2470091A227 /* PBXContainerItemProxy */ = {
			isa = PBXContainerItemProxy;
			containerPortal = 9D52291D20E2C2440091A227 /* Project object */;
			proxyType = 1;
			remoteGlobalIDString = 9D52292420E2C2440091A227;
			remoteInfo = FarfetchSuperHeroes;
		};
/* End PBXContainerItemProxy section */

/* Begin PBXFileReference section */
		9D372ECC20E305320059BC3E /* FSHDispatcherTests.swift */ = {isa = PBXFileReference; lastKnownFileType = sourcecode.swift; path = FSHDispatcherTests.swift; sourceTree = "<group>"; };
		9D372ED020E3293A0059BC3E /* MarvelAPI.swift */ = {isa = PBXFileReference; lastKnownFileType = sourcecode.swift; path = MarvelAPI.swift; sourceTree = "<group>"; };
		9D3AFBAC20E752C9000DD344 /* KOMTXTBI.ttf */ = {isa = PBXFileReference; lastKnownFileType = file; path = KOMTXTBI.ttf; sourceTree = "<group>"; };
		9D3AFBAD20E752CA000DD344 /* KOMTXTB_.ttf */ = {isa = PBXFileReference; lastKnownFileType = file; path = KOMTXTB_.ttf; sourceTree = "<group>"; };
		9D3AFBAE20E752CA000DD344 /* KOMTXT__.ttf */ = {isa = PBXFileReference; lastKnownFileType = file; path = KOMTXT__.ttf; sourceTree = "<group>"; };
		9D3AFBAF20E752CB000DD344 /* KOMTXTI_.ttf */ = {isa = PBXFileReference; lastKnownFileType = file; path = KOMTXTI_.ttf; sourceTree = "<group>"; };
		9D40EE5320E59F9E0048B60C /* DetailsTransitionAnimator.swift */ = {isa = PBXFileReference; lastKnownFileType = sourcecode.swift; path = DetailsTransitionAnimator.swift; sourceTree = "<group>"; };
		9D52292520E2C2440091A227 /* FarfetchSuperHeroes.app */ = {isa = PBXFileReference; explicitFileType = wrapper.application; includeInIndex = 0; path = FarfetchSuperHeroes.app; sourceTree = BUILT_PRODUCTS_DIR; };
		9D52292820E2C2440091A227 /* AppDelegate.swift */ = {isa = PBXFileReference; lastKnownFileType = sourcecode.swift; path = AppDelegate.swift; sourceTree = "<group>"; };
		9D52292A20E2C2440091A227 /* HeroesViewController.swift */ = {isa = PBXFileReference; lastKnownFileType = sourcecode.swift; path = HeroesViewController.swift; sourceTree = "<group>"; };
		9D52292C20E2C2440091A227 /* FavoritesViewController.swift */ = {isa = PBXFileReference; lastKnownFileType = sourcecode.swift; path = FavoritesViewController.swift; sourceTree = "<group>"; };
		9D52292F20E2C2440091A227 /* Base */ = {isa = PBXFileReference; lastKnownFileType = file.storyboard; name = Base; path = Base.lproj/Main.storyboard; sourceTree = "<group>"; };
		9D52293120E2C2460091A227 /* Assets.xcassets */ = {isa = PBXFileReference; lastKnownFileType = folder.assetcatalog; path = Assets.xcassets; sourceTree = "<group>"; };
		9D52293420E2C2460091A227 /* Base */ = {isa = PBXFileReference; lastKnownFileType = file.storyboard; name = Base; path = Base.lproj/LaunchScreen.storyboard; sourceTree = "<group>"; };
		9D52293620E2C2460091A227 /* Info.plist */ = {isa = PBXFileReference; lastKnownFileType = text.plist.xml; path = Info.plist; sourceTree = "<group>"; };
		9D52293B20E2C2470091A227 /* FarfetchSuperHeroesTests.xctest */ = {isa = PBXFileReference; explicitFileType = wrapper.cfbundle; includeInIndex = 0; path = FarfetchSuperHeroesTests.xctest; sourceTree = BUILT_PRODUCTS_DIR; };
		9D52293F20E2C2470091A227 /* FarfetchSuperHeroesTests.swift */ = {isa = PBXFileReference; lastKnownFileType = sourcecode.swift; path = FarfetchSuperHeroesTests.swift; sourceTree = "<group>"; };
		9D52294120E2C2470091A227 /* Info.plist */ = {isa = PBXFileReference; lastKnownFileType = text.plist.xml; path = Info.plist; sourceTree = "<group>"; };
		9D52294B20E2C43C0091A227 /* FSHConstants.swift */ = {isa = PBXFileReference; lastKnownFileType = sourcecode.swift; path = FSHConstants.swift; sourceTree = "<group>"; };
		9D52294D20E2C5480091A227 /* FSHRequest.swift */ = {isa = PBXFileReference; lastKnownFileType = sourcecode.swift; path = FSHRequest.swift; sourceTree = "<group>"; };
		9D52295020E2E2790091A227 /* FSHDispatcher.swift */ = {isa = PBXFileReference; lastKnownFileType = sourcecode.swift; path = FSHDispatcher.swift; sourceTree = "<group>"; };
		9D67F8D420E9479200C70F43 /* FavoriteObject.swift */ = {isa = PBXFileReference; lastKnownFileType = sourcecode.swift; path = FavoriteObject.swift; sourceTree = "<group>"; };
		9D67F90820E954F400C70F43 /* favorites.plist */ = {isa = PBXFileReference; lastKnownFileType = text.plist.xml; path = favorites.plist; sourceTree = "<group>"; };
		9D67F90A20E95E2200C70F43 /* FSHFavoriteTests.swift */ = {isa = PBXFileReference; lastKnownFileType = sourcecode.swift; path = FSHFavoriteTests.swift; sourceTree = "<group>"; };
		9D67F90C20E95EF100C70F43 /* testFavorites.plist */ = {isa = PBXFileReference; lastKnownFileType = text.plist.xml; path = testFavorites.plist; sourceTree = "<group>"; };
		9D67F90E20E97E0500C70F43 /* characterMock02.json */ = {isa = PBXFileReference; lastKnownFileType = text.json; path = characterMock02.json; sourceTree = "<group>"; };
		9D73883220E3339B009DB81F /* FarfetchSuperHeroes-Bridging-Header.h */ = {isa = PBXFileReference; lastKnownFileType = sourcecode.c.h; path = "FarfetchSuperHeroes-Bridging-Header.h"; sourceTree = "<group>"; };
		9D73883520E33631009DB81F /* MD5.swift */ = {isa = PBXFileReference; lastKnownFileType = sourcecode.swift; path = MD5.swift; sourceTree = "<group>"; };
		9D73883820E3BC07009DB81F /* MarvelObject.swift */ = {isa = PBXFileReference; lastKnownFileType = sourcecode.swift; path = MarvelObject.swift; sourceTree = "<group>"; };
		9D7BF8FD20E3CA370034FC9F /* FSHJSONDecoder.swift */ = {isa = PBXFileReference; lastKnownFileType = sourcecode.swift; path = FSHJSONDecoder.swift; sourceTree = "<group>"; };
		9D7BF8FF20E3CF1A0034FC9F /* MarvelCharacter.swift */ = {isa = PBXFileReference; lastKnownFileType = sourcecode.swift; path = MarvelCharacter.swift; sourceTree = "<group>"; };
		9D7BF90120E3CF610034FC9F /* MarvelThumbnail.swift */ = {isa = PBXFileReference; lastKnownFileType = sourcecode.swift; path = MarvelThumbnail.swift; sourceTree = "<group>"; };
		9D7BF90320E3CF7F0034FC9F /* MarvelLists.swift */ = {isa = PBXFileReference; lastKnownFileType = sourcecode.swift; path = MarvelLists.swift; sourceTree = "<group>"; };
		9D7BF90520E3CFB60034FC9F /* MarvelTypedURL.swift */ = {isa = PBXFileReference; lastKnownFileType = sourcecode.swift; path = MarvelTypedURL.swift; sourceTree = "<group>"; };
		9D7BF90720E3D1490034FC9F /* FSHStub.swift */ = {isa = PBXFileReference; lastKnownFileType = sourcecode.swift; path = FSHStub.swift; sourceTree = "<group>"; };
		9D7BF90B20E3DD9D0034FC9F /* characterMock01.json */ = {isa = PBXFileReference; lastKnownFileType = text.json; path = characterMock01.json; sourceTree = "<group>"; };
		9D87B91920E4522200194A4F /* HeroMainCell.xib */ = {isa = PBXFileReference; lastKnownFileType = file.xib; path = HeroMainCell.xib; sourceTree = "<group>"; };
		9D87B91B20E4559B00194A4F /* HeroMainCell.swift */ = {isa = PBXFileReference; lastKnownFileType = sourcecode.swift; path = HeroMainCell.swift; sourceTree = "<group>"; };
		9D8AE23420E3F73000258704 /* UIImageDownloader.swift */ = {isa = PBXFileReference; lastKnownFileType = sourcecode.swift; path = UIImageDownloader.swift; sourceTree = "<group>"; };
		9D8AE23920E4036600258704 /* FSHLoading.swift */ = {isa = PBXFileReference; lastKnownFileType = sourcecode.swift; path = FSHLoading.swift; sourceTree = "<group>"; };
		9D8AE23B20E4043800258704 /* FSHLoadingView.xib */ = {isa = PBXFileReference; lastKnownFileType = file.xib; path = FSHLoadingView.xib; sourceTree = "<group>"; };
		9D97472F20E6C29E000A47E4 /* PaginationCell.swift */ = {isa = PBXFileReference; lastKnownFileType = sourcecode.swift; path = PaginationCell.swift; sourceTree = "<group>"; };
		9D97473120E6C2D4000A47E4 /* PaginationCell.xib */ = {isa = PBXFileReference; lastKnownFileType = file.xib; path = PaginationCell.xib; sourceTree = "<group>"; };
		9DC08DA520E5605F005A5BA3 /* DetailsStack.xib */ = {isa = PBXFileReference; lastKnownFileType = file.xib; path = DetailsStack.xib; sourceTree = "<group>"; };
		9DE99BA820E460040017D659 /* ComicLabel.swift */ = {isa = PBXFileReference; lastKnownFileType = sourcecode.swift; path = ComicLabel.swift; sourceTree = "<group>"; };
		9DE99BAC20E466850017D659 /* KOMTXTK_.ttf */ = {isa = PBXFileReference; lastKnownFileType = file; path = KOMTXTK_.ttf; sourceTree = "<group>"; };
		9DE99BAD20E466850017D659 /* KOMTXTKB.ttf */ = {isa = PBXFileReference; lastKnownFileType = file; path = KOMTXTKB.ttf; sourceTree = "<group>"; };
		9DE99BAE20E466860017D659 /* KOMTXTKI.ttf */ = {isa = PBXFileReference; lastKnownFileType = file; path = KOMTXTKI.ttf; sourceTree = "<group>"; };
		9DE99BAF20E466860017D659 /* KOMTXKBI.ttf */ = {isa = PBXFileReference; lastKnownFileType = file; path = KOMTXKBI.ttf; sourceTree = "<group>"; };
		9DE99BB420E470990017D659 /* HeroDetailsViewController.swift */ = {isa = PBXFileReference; lastKnownFileType = sourcecode.swift; path = HeroDetailsViewController.swift; sourceTree = "<group>"; };
		9DE99BB720E523EB0017D659 /* DetailView.xib */ = {isa = PBXFileReference; lastKnownFileType = file.xib; path = DetailView.xib; sourceTree = "<group>"; };
		9DE99BB920E523FA0017D659 /* DetailsStack.swift */ = {isa = PBXFileReference; lastKnownFileType = sourcecode.swift; path = DetailsStack.swift; sourceTree = "<group>"; };
		9DE99BBB20E5265F0017D659 /* comicsMock.json */ = {isa = PBXFileReference; lastKnownFileType = text.json; path = comicsMock.json; sourceTree = "<group>"; };
		9DE99BBD20E52D120017D659 /* MarvelComic.swift */ = {isa = PBXFileReference; lastKnownFileType = sourcecode.swift; path = MarvelComic.swift; sourceTree = "<group>"; };
		9DE99BBF20E5439C0017D659 /* MarvelEvent.swift */ = {isa = PBXFileReference; lastKnownFileType = sourcecode.swift; path = MarvelEvent.swift; sourceTree = "<group>"; };
		9DE99BC120E543B50017D659 /* MarvelSerie.swift */ = {isa = PBXFileReference; lastKnownFileType = sourcecode.swift; path = MarvelSerie.swift; sourceTree = "<group>"; };
		9DE99BC320E543D30017D659 /* MarvelStory.swift */ = {isa = PBXFileReference; lastKnownFileType = sourcecode.swift; path = MarvelStory.swift; sourceTree = "<group>"; };
		9DE99BC520E545120017D659 /* seriesMock.json */ = {isa = PBXFileReference; lastKnownFileType = text.json; path = seriesMock.json; sourceTree = "<group>"; };
		9DE99BC920E5459F0017D659 /* eventsMock.json */ = {isa = PBXFileReference; lastKnownFileType = text.json; path = eventsMock.json; sourceTree = "<group>"; };
		9DE99BCB20E545E00017D659 /* storiesMock.json */ = {isa = PBXFileReference; lastKnownFileType = text.json; path = storiesMock.json; sourceTree = "<group>"; };
		9DE99BCD20E551FB0017D659 /* LoadingIndicatorView.xib */ = {isa = PBXFileReference; lastKnownFileType = file.xib; path = LoadingIndicatorView.xib; sourceTree = "<group>"; };
/* End PBXFileReference section */

/* Begin PBXFrameworksBuildPhase section */
		9D52292220E2C2440091A227 /* Frameworks */ = {
			isa = PBXFrameworksBuildPhase;
			buildActionMask = 2147483647;
			files = (
			);
			runOnlyForDeploymentPostprocessing = 0;
		};
		9D52293820E2C2470091A227 /* Frameworks */ = {
			isa = PBXFrameworksBuildPhase;
			buildActionMask = 2147483647;
			files = (
			);
			runOnlyForDeploymentPostprocessing = 0;
		};
/* End PBXFrameworksBuildPhase section */

/* Begin PBXGroup section */
		9D372ECF20E329260059BC3E /* MarvelAPI */ = {
			isa = PBXGroup;
			children = (
				9D372ED020E3293A0059BC3E /* MarvelAPI.swift */,
				9D73883520E33631009DB81F /* MD5.swift */,
				9D7BF8FD20E3CA370034FC9F /* FSHJSONDecoder.swift */,
			);
			path = MarvelAPI;
			sourceTree = "<group>";
		};
		9D40EE5220E59F890048B60C /* Custom Transition */ = {
			isa = PBXGroup;
			children = (
				9D40EE5320E59F9E0048B60C /* DetailsTransitionAnimator.swift */,
			);
			path = "Custom Transition";
			sourceTree = "<group>";
		};
		9D52291C20E2C2440091A227 = {
			isa = PBXGroup;
			children = (
				9D52292720E2C2440091A227 /* FarfetchSuperHeroes */,
				9D52293E20E2C2470091A227 /* FarfetchSuperHeroesTests */,
				9D52292620E2C2440091A227 /* Products */,
			);
			sourceTree = "<group>";
		};
		9D52292620E2C2440091A227 /* Products */ = {
			isa = PBXGroup;
			children = (
				9D52292520E2C2440091A227 /* FarfetchSuperHeroes.app */,
				9D52293B20E2C2470091A227 /* FarfetchSuperHeroesTests.xctest */,
			);
			name = Products;
			sourceTree = "<group>";
		};
		9D52292720E2C2440091A227 /* FarfetchSuperHeroes */ = {
			isa = PBXGroup;
			children = (
				9DE99BAA20E466640017D659 /* Resources */,
				9DE99BA720E45FF10017D659 /* Helpers */,
				9D87B91820E451FC00194A4F /* TableCells */,
				9D8AE23720E3FF4C00258704 /* ViewControllers */,
				9D73883720E3BBE0009DB81F /* Models */,
				9D372ECF20E329260059BC3E /* MarvelAPI */,
				9D52294F20E2E2650091A227 /* BaseNetworking */,
				9D52292820E2C2440091A227 /* AppDelegate.swift */,
				9D52292E20E2C2440091A227 /* Main.storyboard */,
				9D52293120E2C2460091A227 /* Assets.xcassets */,
				9D52293320E2C2460091A227 /* LaunchScreen.storyboard */,
				9D52293620E2C2460091A227 /* Info.plist */,
				9D52294B20E2C43C0091A227 /* FSHConstants.swift */,
				9D73883220E3339B009DB81F /* FarfetchSuperHeroes-Bridging-Header.h */,
			);
			path = FarfetchSuperHeroes;
			sourceTree = "<group>";
		};
		9D52293E20E2C2470091A227 /* FarfetchSuperHeroesTests */ = {
			isa = PBXGroup;
			children = (
				9D7BF90920E3DD6D0034FC9F /* Stubbing */,
				9D52294120E2C2470091A227 /* Info.plist */,
				9D52293F20E2C2470091A227 /* FarfetchSuperHeroesTests.swift */,
				9D372ECC20E305320059BC3E /* FSHDispatcherTests.swift */,
				9D67F90A20E95E2200C70F43 /* FSHFavoriteTests.swift */,
				9D67F90C20E95EF100C70F43 /* testFavorites.plist */,
			);
			path = FarfetchSuperHeroesTests;
			sourceTree = "<group>";
		};
		9D52294F20E2E2650091A227 /* BaseNetworking */ = {
			isa = PBXGroup;
			children = (
				9D52295020E2E2790091A227 /* FSHDispatcher.swift */,
				9D52294D20E2C5480091A227 /* FSHRequest.swift */,
				9D8AE23420E3F73000258704 /* UIImageDownloader.swift */,
			);
			path = BaseNetworking;
			sourceTree = "<group>";
		};
		9D67F8D320E9476D00C70F43 /* FavoritesEngine */ = {
			isa = PBXGroup;
			children = (
				9D67F8D420E9479200C70F43 /* FavoriteObject.swift */,
			);
			path = FavoritesEngine;
			sourceTree = "<group>";
		};
		9D73883720E3BBE0009DB81F /* Models */ = {
			isa = PBXGroup;
			children = (
				9D73883820E3BC07009DB81F /* MarvelObject.swift */,
				9D7BF8FF20E3CF1A0034FC9F /* MarvelCharacter.swift */,
				9D7BF90120E3CF610034FC9F /* MarvelThumbnail.swift */,
				9D7BF90320E3CF7F0034FC9F /* MarvelLists.swift */,
				9D7BF90520E3CFB60034FC9F /* MarvelTypedURL.swift */,
				9DE99BBD20E52D120017D659 /* MarvelComic.swift */,
				9DE99BBF20E5439C0017D659 /* MarvelEvent.swift */,
				9DE99BC120E543B50017D659 /* MarvelSerie.swift */,
				9DE99BC320E543D30017D659 /* MarvelStory.swift */,
			);
			path = Models;
			sourceTree = "<group>";
		};
		9D7BF90920E3DD6D0034FC9F /* Stubbing */ = {
			isa = PBXGroup;
			children = (
				9D7BF90720E3D1490034FC9F /* FSHStub.swift */,
				9D7BF90A20E3DD760034FC9F /* Mocks */,
			);
			path = Stubbing;
			sourceTree = "<group>";
		};
		9D7BF90A20E3DD760034FC9F /* Mocks */ = {
			isa = PBXGroup;
			children = (
				9D7BF90B20E3DD9D0034FC9F /* characterMock01.json */,
				9DE99BBB20E5265F0017D659 /* comicsMock.json */,
				9DE99BC520E545120017D659 /* seriesMock.json */,
				9DE99BC920E5459F0017D659 /* eventsMock.json */,
				9DE99BCB20E545E00017D659 /* storiesMock.json */,
				9D67F90E20E97E0500C70F43 /* characterMock02.json */,
			);
			path = Mocks;
			sourceTree = "<group>";
		};
		9D87B91620E450B900194A4F /* HeroesSection */ = {
			isa = PBXGroup;
			children = (
				9DE99BB620E523C60017D659 /* DetailsItems */,
				9D52292A20E2C2440091A227 /* HeroesViewController.swift */,
				9DE99BB420E470990017D659 /* HeroDetailsViewController.swift */,
			);
			path = HeroesSection;
			sourceTree = "<group>";
		};
		9D87B91720E4515500194A4F /* FavoritesSection */ = {
			isa = PBXGroup;
			children = (
				9D52292C20E2C2440091A227 /* FavoritesViewController.swift */,
			);
			path = FavoritesSection;
			sourceTree = "<group>";
		};
		9D87B91820E451FC00194A4F /* TableCells */ = {
			isa = PBXGroup;
			children = (
				9D87B91920E4522200194A4F /* HeroMainCell.xib */,
				9D87B91B20E4559B00194A4F /* HeroMainCell.swift */,
				9D97473120E6C2D4000A47E4 /* PaginationCell.xib */,
				9D97472F20E6C29E000A47E4 /* PaginationCell.swift */,
			);
			path = TableCells;
			sourceTree = "<group>";
		};
		9D8AE23720E3FF4C00258704 /* ViewControllers */ = {
			isa = PBXGroup;
			children = (
				9D87B91620E450B900194A4F /* HeroesSection */,
				9D87B91720E4515500194A4F /* FavoritesSection */,
			);
			path = ViewControllers;
			sourceTree = "<group>";
		};
		9D8AE23820E4034000258704 /* Loading View */ = {
			isa = PBXGroup;
			children = (
				9D8AE23920E4036600258704 /* FSHLoading.swift */,
				9DE99BCD20E551FB0017D659 /* LoadingIndicatorView.xib */,
				9D8AE23B20E4043800258704 /* FSHLoadingView.xib */,
			);
			path = "Loading View";
			sourceTree = "<group>";
		};
		9DE99BA720E45FF10017D659 /* Helpers */ = {
			isa = PBXGroup;
			children = (
				9D67F8D320E9476D00C70F43 /* FavoritesEngine */,
				9D40EE5220E59F890048B60C /* Custom Transition */,
				9D8AE23820E4034000258704 /* Loading View */,
				9DE99BA820E460040017D659 /* ComicLabel.swift */,
			);
			path = Helpers;
			sourceTree = "<group>";
		};
		9DE99BAA20E466640017D659 /* Resources */ = {
			isa = PBXGroup;
			children = (
				9DE99BAB20E466700017D659 /* Fonts */,
				9D67F90820E954F400C70F43 /* favorites.plist */,
			);
			path = Resources;
			sourceTree = "<group>";
		};
		9DE99BAB20E466700017D659 /* Fonts */ = {
			isa = PBXGroup;
			children = (
				9D3AFBAE20E752CA000DD344 /* KOMTXT__.ttf */,
				9D3AFBAD20E752CA000DD344 /* KOMTXTB_.ttf */,
				9D3AFBAC20E752C9000DD344 /* KOMTXTBI.ttf */,
				9D3AFBAF20E752CB000DD344 /* KOMTXTI_.ttf */,
				9DE99BAF20E466860017D659 /* KOMTXKBI.ttf */,
				9DE99BAC20E466850017D659 /* KOMTXTK_.ttf */,
				9DE99BAD20E466850017D659 /* KOMTXTKB.ttf */,
				9DE99BAE20E466860017D659 /* KOMTXTKI.ttf */,
			);
			path = Fonts;
			sourceTree = "<group>";
		};
		9DE99BB620E523C60017D659 /* DetailsItems */ = {
			isa = PBXGroup;
			children = (
				9DE99BB920E523FA0017D659 /* DetailsStack.swift */,
				9DC08DA520E5605F005A5BA3 /* DetailsStack.xib */,
				9DE99BB720E523EB0017D659 /* DetailView.xib */,
			);
			path = DetailsItems;
			sourceTree = "<group>";
		};
/* End PBXGroup section */

/* Begin PBXNativeTarget section */
		9D52292420E2C2440091A227 /* FarfetchSuperHeroes */ = {
			isa = PBXNativeTarget;
			buildConfigurationList = 9D52294420E2C2470091A227 /* Build configuration list for PBXNativeTarget "FarfetchSuperHeroes" */;
			buildPhases = (
				9D52292120E2C2440091A227 /* Sources */,
				9D52292220E2C2440091A227 /* Frameworks */,
				9D52292320E2C2440091A227 /* Resources */,
			);
			buildRules = (
			);
			dependencies = (
			);
			name = FarfetchSuperHeroes;
			productName = FarfetchSuperHeroes;
			productReference = 9D52292520E2C2440091A227 /* FarfetchSuperHeroes.app */;
			productType = "com.apple.product-type.application";
		};
		9D52293A20E2C2470091A227 /* FarfetchSuperHeroesTests */ = {
			isa = PBXNativeTarget;
			buildConfigurationList = 9D52294720E2C2470091A227 /* Build configuration list for PBXNativeTarget "FarfetchSuperHeroesTests" */;
			buildPhases = (
				9D52293720E2C2470091A227 /* Sources */,
				9D52293820E2C2470091A227 /* Frameworks */,
				9D52293920E2C2470091A227 /* Resources */,
			);
			buildRules = (
			);
			dependencies = (
				9D52293D20E2C2470091A227 /* PBXTargetDependency */,
			);
			name = FarfetchSuperHeroesTests;
			productName = FarfetchSuperHeroesTests;
			productReference = 9D52293B20E2C2470091A227 /* FarfetchSuperHeroesTests.xctest */;
			productType = "com.apple.product-type.bundle.unit-test";
		};
/* End PBXNativeTarget section */

/* Begin PBXProject section */
		9D52291D20E2C2440091A227 /* Project object */ = {
			isa = PBXProject;
			attributes = {
				LastSwiftUpdateCheck = 0930;
				LastUpgradeCheck = 0930;
				ORGANIZATIONNAME = "Allan Martins";
				TargetAttributes = {
					9D52292420E2C2440091A227 = {
						CreatedOnToolsVersion = 9.3;
						LastSwiftMigration = 0930;
					};
					9D52293A20E2C2470091A227 = {
						CreatedOnToolsVersion = 9.3;
						TestTargetID = 9D52292420E2C2440091A227;
					};
				};
			};
			buildConfigurationList = 9D52292020E2C2440091A227 /* Build configuration list for PBXProject "FarfetchSuperHeroes" */;
			compatibilityVersion = "Xcode 9.3";
			developmentRegion = en;
			hasScannedForEncodings = 0;
			knownRegions = (
				en,
				Base,
			);
			mainGroup = 9D52291C20E2C2440091A227;
			productRefGroup = 9D52292620E2C2440091A227 /* Products */;
			projectDirPath = "";
			projectRoot = "";
			targets = (
				9D52292420E2C2440091A227 /* FarfetchSuperHeroes */,
				9D52293A20E2C2470091A227 /* FarfetchSuperHeroesTests */,
			);
		};
/* End PBXProject section */

/* Begin PBXResourcesBuildPhase section */
		9D52292320E2C2440091A227 /* Resources */ = {
			isa = PBXResourcesBuildPhase;
			buildActionMask = 2147483647;
			files = (
				9D52293520E2C2460091A227 /* LaunchScreen.storyboard in Resources */,
				9DE99BB020E466860017D659 /* KOMTXTK_.ttf in Resources */,
				9DE99BB820E523EB0017D659 /* DetailView.xib in Resources */,
				9D3AFBB320E752CB000DD344 /* KOMTXTI_.ttf in Resources */,
				9D8AE23C20E4043800258704 /* FSHLoadingView.xib in Resources */,
				9D3AFBB020E752CB000DD344 /* KOMTXTBI.ttf in Resources */,
				9D97473220E6C2D4000A47E4 /* PaginationCell.xib in Resources */,
				9DE99BB220E466860017D659 /* KOMTXTKI.ttf in Resources */,
				9DC08DA620E5605F005A5BA3 /* DetailsStack.xib in Resources */,
				9DE99BB320E466860017D659 /* KOMTXKBI.ttf in Resources */,
				9D52293220E2C2460091A227 /* Assets.xcassets in Resources */,
				9D3AFBB120E752CB000DD344 /* KOMTXTB_.ttf in Resources */,
				9D67F90920E954F400C70F43 /* favorites.plist in Resources */,
				9D87B91A20E4522200194A4F /* HeroMainCell.xib in Resources */,
				9D52293020E2C2440091A227 /* Main.storyboard in Resources */,
				9D3AFBB220E752CB000DD344 /* KOMTXT__.ttf in Resources */,
				9DE99BCE20E551FC0017D659 /* LoadingIndicatorView.xib in Resources */,
				9DE99BB120E466860017D659 /* KOMTXTKB.ttf in Resources */,
			);
			runOnlyForDeploymentPostprocessing = 0;
		};
		9D52293920E2C2470091A227 /* Resources */ = {
			isa = PBXResourcesBuildPhase;
			buildActionMask = 2147483647;
			files = (
				9D67F90F20E97E0500C70F43 /* characterMock02.json in Resources */,
				9DE99BCC20E545E00017D659 /* storiesMock.json in Resources */,
				9DE99BC620E545120017D659 /* seriesMock.json in Resources */,
				9D7BF90C20E3DD9D0034FC9F /* characterMock01.json in Resources */,
				9DE99BCA20E5459F0017D659 /* eventsMock.json in Resources */,
				9D67F90D20E95EF100C70F43 /* testFavorites.plist in Resources */,
				9DE99BBC20E5265F0017D659 /* comicsMock.json in Resources */,
			);
			runOnlyForDeploymentPostprocessing = 0;
		};
/* End PBXResourcesBuildPhase section */

/* Begin PBXSourcesBuildPhase section */
		9D52292120E2C2440091A227 /* Sources */ = {
			isa = PBXSourcesBuildPhase;
			buildActionMask = 2147483647;
			files = (
				9D52292D20E2C2440091A227 /* FavoritesViewController.swift in Sources */,
				9DE99BC020E5439C0017D659 /* MarvelEvent.swift in Sources */,
				9D7BF90620E3CFB60034FC9F /* MarvelTypedURL.swift in Sources */,
				9D7BF90020E3CF1A0034FC9F /* MarvelCharacter.swift in Sources */,
				9D67F8D520E9479200C70F43 /* FavoriteObject.swift in Sources */,
				9D52292920E2C2440091A227 /* AppDelegate.swift in Sources */,
				9D97473020E6C29E000A47E4 /* PaginationCell.swift in Sources */,
				9D7BF8FE20E3CA370034FC9F /* FSHJSONDecoder.swift in Sources */,
				9D73883620E33631009DB81F /* MD5.swift in Sources */,
				9DE99BC220E543B50017D659 /* MarvelSerie.swift in Sources */,
				9D52295120E2E2790091A227 /* FSHDispatcher.swift in Sources */,
				9D7BF90420E3CF7F0034FC9F /* MarvelLists.swift in Sources */,
				9DE99BA920E460040017D659 /* ComicLabel.swift in Sources */,
				9D52292B20E2C2440091A227 /* HeroesViewController.swift in Sources */,
				9D7BF90220E3CF610034FC9F /* MarvelThumbnail.swift in Sources */,
				9DE99BBE20E52D120017D659 /* MarvelComic.swift in Sources */,
				9D8AE23A20E4036600258704 /* FSHLoading.swift in Sources */,
				9D52294E20E2C5480091A227 /* FSHRequest.swift in Sources */,
				9D8AE23520E3F73000258704 /* UIImageDownloader.swift in Sources */,
				9D73883920E3BC07009DB81F /* MarvelObject.swift in Sources */,
				9D87B91C20E4559B00194A4F /* HeroMainCell.swift in Sources */,
				9D372ED120E3293A0059BC3E /* MarvelAPI.swift in Sources */,
				9DE99BC420E543D30017D659 /* MarvelStory.swift in Sources */,
				9D52294C20E2C43C0091A227 /* FSHConstants.swift in Sources */,
				9D40EE5420E59F9E0048B60C /* DetailsTransitionAnimator.swift in Sources */,
				9DE99BBA20E523FA0017D659 /* DetailsStack.swift in Sources */,
				9DE99BB520E470990017D659 /* HeroDetailsViewController.swift in Sources */,
			);
			runOnlyForDeploymentPostprocessing = 0;
		};
		9D52293720E2C2470091A227 /* Sources */ = {
			isa = PBXSourcesBuildPhase;
			buildActionMask = 2147483647;
			files = (
				9D7BF90820E3D1490034FC9F /* FSHStub.swift in Sources */,
				9D67F90B20E95E2200C70F43 /* FSHFavoriteTests.swift in Sources */,
				9D372ECD20E305320059BC3E /* FSHDispatcherTests.swift in Sources */,
				9D52294020E2C2470091A227 /* FarfetchSuperHeroesTests.swift in Sources */,
			);
			runOnlyForDeploymentPostprocessing = 0;
		};
/* End PBXSourcesBuildPhase section */

/* Begin PBXTargetDependency section */
		9D52293D20E2C2470091A227 /* PBXTargetDependency */ = {
			isa = PBXTargetDependency;
			target = 9D52292420E2C2440091A227 /* FarfetchSuperHeroes */;
			targetProxy = 9D52293C20E2C2470091A227 /* PBXContainerItemProxy */;
		};
/* End PBXTargetDependency section */

/* Begin PBXVariantGroup section */
		9D52292E20E2C2440091A227 /* Main.storyboard */ = {
			isa = PBXVariantGroup;
			children = (
				9D52292F20E2C2440091A227 /* Base */,
			);
			name = Main.storyboard;
			sourceTree = "<group>";
		};
		9D52293320E2C2460091A227 /* LaunchScreen.storyboard */ = {
			isa = PBXVariantGroup;
			children = (
				9D52293420E2C2460091A227 /* Base */,
			);
			name = LaunchScreen.storyboard;
			sourceTree = "<group>";
		};
/* End PBXVariantGroup section */

/* Begin XCBuildConfiguration section */
		9D52294220E2C2470091A227 /* Debug */ = {
			isa = XCBuildConfiguration;
			buildSettings = {
				ALWAYS_SEARCH_USER_PATHS = NO;
				CLANG_ANALYZER_NONNULL = YES;
				CLANG_ANALYZER_NUMBER_OBJECT_CONVERSION = YES_AGGRESSIVE;
				CLANG_CXX_LANGUAGE_STANDARD = "gnu++14";
				CLANG_CXX_LIBRARY = "libc++";
				CLANG_ENABLE_MODULES = YES;
				CLANG_ENABLE_OBJC_ARC = YES;
				CLANG_ENABLE_OBJC_WEAK = YES;
				CLANG_WARN_BLOCK_CAPTURE_AUTORELEASING = YES;
				CLANG_WARN_BOOL_CONVERSION = YES;
				CLANG_WARN_COMMA = YES;
				CLANG_WARN_CONSTANT_CONVERSION = YES;
				CLANG_WARN_DEPRECATED_OBJC_IMPLEMENTATIONS = YES;
				CLANG_WARN_DIRECT_OBJC_ISA_USAGE = YES_ERROR;
				CLANG_WARN_DOCUMENTATION_COMMENTS = YES;
				CLANG_WARN_EMPTY_BODY = YES;
				CLANG_WARN_ENUM_CONVERSION = YES;
				CLANG_WARN_INFINITE_RECURSION = YES;
				CLANG_WARN_INT_CONVERSION = YES;
				CLANG_WARN_NON_LITERAL_NULL_CONVERSION = YES;
				CLANG_WARN_OBJC_IMPLICIT_RETAIN_SELF = YES;
				CLANG_WARN_OBJC_LITERAL_CONVERSION = YES;
				CLANG_WARN_OBJC_ROOT_CLASS = YES_ERROR;
				CLANG_WARN_RANGE_LOOP_ANALYSIS = YES;
				CLANG_WARN_STRICT_PROTOTYPES = YES;
				CLANG_WARN_SUSPICIOUS_MOVE = YES;
				CLANG_WARN_UNGUARDED_AVAILABILITY = YES_AGGRESSIVE;
				CLANG_WARN_UNREACHABLE_CODE = YES;
				CLANG_WARN__DUPLICATE_METHOD_MATCH = YES;
				CODE_SIGN_IDENTITY = "iPhone Developer";
				COPY_PHASE_STRIP = NO;
				DEBUG_INFORMATION_FORMAT = dwarf;
				ENABLE_STRICT_OBJC_MSGSEND = YES;
				ENABLE_TESTABILITY = YES;
				GCC_C_LANGUAGE_STANDARD = gnu11;
				GCC_DYNAMIC_NO_PIC = NO;
				GCC_NO_COMMON_BLOCKS = YES;
				GCC_OPTIMIZATION_LEVEL = 0;
				GCC_PREPROCESSOR_DEFINITIONS = (
					"DEBUG=1",
					"$(inherited)",
				);
				GCC_WARN_64_TO_32_BIT_CONVERSION = YES;
				GCC_WARN_ABOUT_RETURN_TYPE = YES_ERROR;
				GCC_WARN_UNDECLARED_SELECTOR = YES;
				GCC_WARN_UNINITIALIZED_AUTOS = YES_AGGRESSIVE;
				GCC_WARN_UNUSED_FUNCTION = YES;
				GCC_WARN_UNUSED_VARIABLE = YES;
				IPHONEOS_DEPLOYMENT_TARGET = 11.3;
				MTL_ENABLE_DEBUG_INFO = YES;
				ONLY_ACTIVE_ARCH = YES;
				SDKROOT = iphoneos;
				SWIFT_ACTIVE_COMPILATION_CONDITIONS = DEBUG;
				SWIFT_OPTIMIZATION_LEVEL = "-Onone";
			};
			name = Debug;
		};
		9D52294320E2C2470091A227 /* Release */ = {
			isa = XCBuildConfiguration;
			buildSettings = {
				ALWAYS_SEARCH_USER_PATHS = NO;
				CLANG_ANALYZER_NONNULL = YES;
				CLANG_ANALYZER_NUMBER_OBJECT_CONVERSION = YES_AGGRESSIVE;
				CLANG_CXX_LANGUAGE_STANDARD = "gnu++14";
				CLANG_CXX_LIBRARY = "libc++";
				CLANG_ENABLE_MODULES = YES;
				CLANG_ENABLE_OBJC_ARC = YES;
				CLANG_ENABLE_OBJC_WEAK = YES;
				CLANG_WARN_BLOCK_CAPTURE_AUTORELEASING = YES;
				CLANG_WARN_BOOL_CONVERSION = YES;
				CLANG_WARN_COMMA = YES;
				CLANG_WARN_CONSTANT_CONVERSION = YES;
				CLANG_WARN_DEPRECATED_OBJC_IMPLEMENTATIONS = YES;
				CLANG_WARN_DIRECT_OBJC_ISA_USAGE = YES_ERROR;
				CLANG_WARN_DOCUMENTATION_COMMENTS = YES;
				CLANG_WARN_EMPTY_BODY = YES;
				CLANG_WARN_ENUM_CONVERSION = YES;
				CLANG_WARN_INFINITE_RECURSION = YES;
				CLANG_WARN_INT_CONVERSION = YES;
				CLANG_WARN_NON_LITERAL_NULL_CONVERSION = YES;
				CLANG_WARN_OBJC_IMPLICIT_RETAIN_SELF = YES;
				CLANG_WARN_OBJC_LITERAL_CONVERSION = YES;
				CLANG_WARN_OBJC_ROOT_CLASS = YES_ERROR;
				CLANG_WARN_RANGE_LOOP_ANALYSIS = YES;
				CLANG_WARN_STRICT_PROTOTYPES = YES;
				CLANG_WARN_SUSPICIOUS_MOVE = YES;
				CLANG_WARN_UNGUARDED_AVAILABILITY = YES_AGGRESSIVE;
				CLANG_WARN_UNREACHABLE_CODE = YES;
				CLANG_WARN__DUPLICATE_METHOD_MATCH = YES;
				CODE_SIGN_IDENTITY = "iPhone Developer";
				COPY_PHASE_STRIP = NO;
				DEBUG_INFORMATION_FORMAT = "dwarf-with-dsym";
				ENABLE_NS_ASSERTIONS = NO;
				ENABLE_STRICT_OBJC_MSGSEND = YES;
				GCC_C_LANGUAGE_STANDARD = gnu11;
				GCC_NO_COMMON_BLOCKS = YES;
				GCC_WARN_64_TO_32_BIT_CONVERSION = YES;
				GCC_WARN_ABOUT_RETURN_TYPE = YES_ERROR;
				GCC_WARN_UNDECLARED_SELECTOR = YES;
				GCC_WARN_UNINITIALIZED_AUTOS = YES_AGGRESSIVE;
				GCC_WARN_UNUSED_FUNCTION = YES;
				GCC_WARN_UNUSED_VARIABLE = YES;
				IPHONEOS_DEPLOYMENT_TARGET = 11.3;
				MTL_ENABLE_DEBUG_INFO = NO;
				SDKROOT = iphoneos;
				SWIFT_COMPILATION_MODE = wholemodule;
				SWIFT_OPTIMIZATION_LEVEL = "-O";
				VALIDATE_PRODUCT = YES;
			};
			name = Release;
		};
		9D52294520E2C2470091A227 /* Debug */ = {
			isa = XCBuildConfiguration;
			buildSettings = {
				ASSETCATALOG_COMPILER_APPICON_NAME = AppIcon;
				CLANG_ENABLE_MODULES = YES;
				CODE_SIGN_STYLE = Automatic;
				DEVELOPMENT_TEAM = R8MYP56C5V;
				INFOPLIST_FILE = FarfetchSuperHeroes/Info.plist;
				LD_RUNPATH_SEARCH_PATHS = (
					"$(inherited)",
					"@executable_path/Frameworks",
				);
				PRODUCT_BUNDLE_IDENTIFIER = com.aya.FarfetchSuperHeroes;
				PRODUCT_NAME = "$(TARGET_NAME)";
				SWIFT_OBJC_BRIDGING_HEADER = "FarfetchSuperHeroes/FarfetchSuperHeroes-Bridging-Header.h";
				SWIFT_OPTIMIZATION_LEVEL = "-Onone";
				SWIFT_VERSION = 4.0;
				TARGETED_DEVICE_FAMILY = "1,2";
			};
			name = Debug;
		};
		9D52294620E2C2470091A227 /* Release */ = {
			isa = XCBuildConfiguration;
			buildSettings = {
				ASSETCATALOG_COMPILER_APPICON_NAME = AppIcon;
				CLANG_ENABLE_MODULES = YES;
				CODE_SIGN_STYLE = Automatic;
				DEVELOPMENT_TEAM = R8MYP56C5V;
				INFOPLIST_FILE = FarfetchSuperHeroes/Info.plist;
				LD_RUNPATH_SEARCH_PATHS = (
					"$(inherited)",
					"@executable_path/Frameworks",
				);
				PRODUCT_BUNDLE_IDENTIFIER = com.aya.FarfetchSuperHeroes;
				PRODUCT_NAME = "$(TARGET_NAME)";
				SWIFT_OBJC_BRIDGING_HEADER = "FarfetchSuperHeroes/FarfetchSuperHeroes-Bridging-Header.h";
				SWIFT_VERSION = 4.0;
				TARGETED_DEVICE_FAMILY = "1,2";
			};
			name = Release;
		};
		9D52294820E2C2470091A227 /* Debug */ = {
			isa = XCBuildConfiguration;
			buildSettings = {
				ALWAYS_EMBED_SWIFT_STANDARD_LIBRARIES = YES;
				BUNDLE_LOADER = "$(TEST_HOST)";
				CODE_SIGN_STYLE = Automatic;
				DEVELOPMENT_TEAM = R8MYP56C5V;
				INFOPLIST_FILE = FarfetchSuperHeroesTests/Info.plist;
				LD_RUNPATH_SEARCH_PATHS = (
					"$(inherited)",
					"@executable_path/Frameworks",
					"@loader_path/Frameworks",
				);
				PRODUCT_BUNDLE_IDENTIFIER = com.aya.FarfetchSuperHeroesTests;
				PRODUCT_NAME = "$(TARGET_NAME)";
				SWIFT_VERSION = 4.0;
				TARGETED_DEVICE_FAMILY = "1,2";
				TEST_HOST = "$(BUILT_PRODUCTS_DIR)/FarfetchSuperHeroes.app/FarfetchSuperHeroes";
			};
			name = Debug;
		};
		9D52294920E2C2470091A227 /* Release */ = {
			isa = XCBuildConfiguration;
			buildSettings = {
				ALWAYS_EMBED_SWIFT_STANDARD_LIBRARIES = YES;
				BUNDLE_LOADER = "$(TEST_HOST)";
				CODE_SIGN_STYLE = Automatic;
				DEVELOPMENT_TEAM = R8MYP56C5V;
				INFOPLIST_FILE = FarfetchSuperHeroesTests/Info.plist;
				LD_RUNPATH_SEARCH_PATHS = (
					"$(inherited)",
					"@executable_path/Frameworks",
					"@loader_path/Frameworks",
				);
				PRODUCT_BUNDLE_IDENTIFIER = com.aya.FarfetchSuperHeroesTests;
				PRODUCT_NAME = "$(TARGET_NAME)";
				SWIFT_VERSION = 4.0;
				TARGETED_DEVICE_FAMILY = "1,2";
				TEST_HOST = "$(BUILT_PRODUCTS_DIR)/FarfetchSuperHeroes.app/FarfetchSuperHeroes";
			};
			name = Release;
		};
/* End XCBuildConfiguration section */

/* Begin XCConfigurationList section */
		9D52292020E2C2440091A227 /* Build configuration list for PBXProject "FarfetchSuperHeroes" */ = {
			isa = XCConfigurationList;
			buildConfigurations = (
				9D52294220E2C2470091A227 /* Debug */,
				9D52294320E2C2470091A227 /* Release */,
			);
			defaultConfigurationIsVisible = 0;
			defaultConfigurationName = Release;
		};
		9D52294420E2C2470091A227 /* Build configuration list for PBXNativeTarget "FarfetchSuperHeroes" */ = {
			isa = XCConfigurationList;
			buildConfigurations = (
				9D52294520E2C2470091A227 /* Debug */,
				9D52294620E2C2470091A227 /* Release */,
			);
			defaultConfigurationIsVisible = 0;
			defaultConfigurationName = Release;
		};
		9D52294720E2C2470091A227 /* Build configuration list for PBXNativeTarget "FarfetchSuperHeroesTests" */ = {
			isa = XCConfigurationList;
			buildConfigurations = (
				9D52294820E2C2470091A227 /* Debug */,
				9D52294920E2C2470091A227 /* Release */,
			);
			defaultConfigurationIsVisible = 0;
			defaultConfigurationName = Release;
		};
/* End XCConfigurationList section */
	};
	rootObject = 9D52291D20E2C2440091A227 /* Project object */;
}
